// !$*UTF8*$!
{
	archiveVersion = 1;
	classes = {
	};
	objectVersion = 56;
	objects = {

/* Begin PBXBuildFile section */
		AE19C122299757D000124F57 /* SnapKit in Frameworks */ = {isa = PBXBuildFile; productRef = AE19C121299757D000124F57 /* SnapKit */; };
		AE19C12629975F8C00124F57 /* SignupViewController.swift in Sources */ = {isa = PBXBuildFile; fileRef = AE19C12529975F8C00124F57 /* SignupViewController.swift */; };
		AE5212DC299940600050547C /* LocationViewController.swift in Sources */ = {isa = PBXBuildFile; fileRef = AE5212DB299940600050547C /* LocationViewController.swift */; };
		AE5212E0299A7BE90050547C /* GreetingViewController.swift in Sources */ = {isa = PBXBuildFile; fileRef = AE5212DF299A7BE90050547C /* GreetingViewController.swift */; };
		AE5212E2299A9C4E0050547C /* FindingPasswordViewController.swift in Sources */ = {isa = PBXBuildFile; fileRef = AE5212E1299A9C4E0050547C /* FindingPasswordViewController.swift */; };
		AE5212E4299AAEEC0050547C /* FindingPasswordDetailViewController.swift in Sources */ = {isa = PBXBuildFile; fileRef = AE5212E3299AAEEB0050547C /* FindingPasswordDetailViewController.swift */; };
		AE5412F8299684490002876A /* AppDelegate.swift in Sources */ = {isa = PBXBuildFile; fileRef = AE5412F7299684490002876A /* AppDelegate.swift */; };
		AE5412FA299684490002876A /* SceneDelegate.swift in Sources */ = {isa = PBXBuildFile; fileRef = AE5412F9299684490002876A /* SceneDelegate.swift */; };
		AE5412FC299684490002876A /* LoginViewController.swift in Sources */ = {isa = PBXBuildFile; fileRef = AE5412FB299684490002876A /* LoginViewController.swift */; };
		AE5413012996844B0002876A /* Assets.xcassets in Resources */ = {isa = PBXBuildFile; fileRef = AE5413002996844B0002876A /* Assets.xcassets */; };
		AE5413042996844B0002876A /* LaunchScreen.storyboard in Resources */ = {isa = PBXBuildFile; fileRef = AE5413022996844B0002876A /* LaunchScreen.storyboard */; };
		AE54130C29969EFA0002876A /* ColorManager.swift in Sources */ = {isa = PBXBuildFile; fileRef = AE54130B29969EFA0002876A /* ColorManager.swift */; };
		AEA2F32A2997708D006F84AB /* SignupDetailViewController.swift in Sources */ = {isa = PBXBuildFile; fileRef = AEA2F3292997708D006F84AB /* SignupDetailViewController.swift */; };
		AEA2F32D29981FD7006F84AB /* SignupIdViewController.swift in Sources */ = {isa = PBXBuildFile; fileRef = AEA2F32C29981FD7006F84AB /* SignupIdViewController.swift */; };
		AEBF78D529A7D02C00F97BC0 /* LocationCell.swift in Sources */ = {isa = PBXBuildFile; fileRef = AEBF78D429A7D02C00F97BC0 /* LocationCell.swift */; };
		AEBF78D729A7F02900F97BC0 /* MainViewController.swift in Sources */ = {isa = PBXBuildFile; fileRef = AEBF78D629A7F02900F97BC0 /* MainViewController.swift */; };
		AEDD0B4729A7F61F00CB4A83 /* FollowingViewController.swift in Sources */ = {isa = PBXBuildFile; fileRef = AEDD0B4629A7F61F00CB4A83 /* FollowingViewController.swift */; };
		AEDD0B4929A7F62A00CB4A83 /* MyPageViewController.swift in Sources */ = {isa = PBXBuildFile; fileRef = AEDD0B4829A7F62A00CB4A83 /* MyPageViewController.swift */; };
		AEDD0B4C29A9C84200CB4A83 /* BSImagePicker in Frameworks */ = {isa = PBXBuildFile; productRef = AEDD0B4B29A9C84200CB4A83 /* BSImagePicker */; };
		AEDD0B4E29A9CE7800CB4A83 /* CustomTabBarController.swift in Sources */ = {isa = PBXBuildFile; fileRef = AEDD0B4D29A9CE7800CB4A83 /* CustomTabBarController.swift */; };
		AEDD0B5329ACA76500CB4A83 /* LocalCell.swift in Sources */ = {isa = PBXBuildFile; fileRef = AEDD0B5229ACA76500CB4A83 /* LocalCell.swift */; };
		AEDD0B5729AE651600CB4A83 /* ReportingViewController.swift in Sources */ = {isa = PBXBuildFile; fileRef = AEDD0B5629AE651600CB4A83 /* ReportingViewController.swift */; };
		AEDD0B5929AF6F2A00CB4A83 /* WritingViewController.swift in Sources */ = {isa = PBXBuildFile; fileRef = AEDD0B5829AF6F2A00CB4A83 /* WritingViewController.swift */; };
		AEDD0B5C29B2038600CB4A83 /* ExpyTableView in Frameworks */ = {isa = PBXBuildFile; productRef = AEDD0B5B29B2038600CB4A83 /* ExpyTableView */; };
		AEDD0B6029B2380E00CB4A83 /* ShareCell.swift in Sources */ = {isa = PBXBuildFile; fileRef = AEDD0B5F29B2380E00CB4A83 /* ShareCell.swift */; };
		AEDD0B6229B31E8F00CB4A83 /* CheckedCell.swift in Sources */ = {isa = PBXBuildFile; fileRef = AEDD0B6129B31E8F00CB4A83 /* CheckedCell.swift */; };
		AEDD0B6429B32DD000CB4A83 /* SearchingAddressViewController.swift in Sources */ = {isa = PBXBuildFile; fileRef = AEDD0B6329B32DD000CB4A83 /* SearchingAddressViewController.swift */; };
		AEDD0B6629B33CF300CB4A83 /* AddressCell.swift in Sources */ = {isa = PBXBuildFile; fileRef = AEDD0B6529B33CF300CB4A83 /* AddressCell.swift */; };
		AEDD0B6829B35BC000CB4A83 /* FaceCell.swift in Sources */ = {isa = PBXBuildFile; fileRef = AEDD0B6729B35BC000CB4A83 /* FaceCell.swift */; };
		AEDD0B6A29B3AB3600CB4A83 /* ReportingCell.swift in Sources */ = {isa = PBXBuildFile; fileRef = AEDD0B6929B3AB3600CB4A83 /* ReportingCell.swift */; };
		AEDD0B6E29B3E36D00CB4A83 /* DetailViewController.swift in Sources */ = {isa = PBXBuildFile; fileRef = AEDD0B6D29B3E36D00CB4A83 /* DetailViewController.swift */; };
		AEDD0B7029B3F5CF00CB4A83 /* CompletedReportViewController.swift in Sources */ = {isa = PBXBuildFile; fileRef = AEDD0B6F29B3F5CF00CB4A83 /* CompletedReportViewController.swift */; };
		AEDD0B7229B3FC5800CB4A83 /* ChattingViewController.swift in Sources */ = {isa = PBXBuildFile; fileRef = AEDD0B7129B3FC5800CB4A83 /* ChattingViewController.swift */; };
		AEDD0B7429B4439400CB4A83 /* ChattingCell.swift in Sources */ = {isa = PBXBuildFile; fileRef = AEDD0B7329B4439400CB4A83 /* ChattingCell.swift */; };
		AEDD0B7629B4B2F500CB4A83 /* LocationGuCell.swift in Sources */ = {isa = PBXBuildFile; fileRef = AEDD0B7529B4B2F500CB4A83 /* LocationGuCell.swift */; };
		AEDD0B7829B5A8C200CB4A83 /* MainValidateViewController.swift in Sources */ = {isa = PBXBuildFile; fileRef = AEDD0B7729B5A8C200CB4A83 /* MainValidateViewController.swift */; };
		AEDD0B7A29B6FD1700CB4A83 /* SettingViewController.swift in Sources */ = {isa = PBXBuildFile; fileRef = AEDD0B7929B6FD1700CB4A83 /* SettingViewController.swift */; };
		AEDD0B7E29B706E200CB4A83 /* MypageLocationCell.swift in Sources */ = {isa = PBXBuildFile; fileRef = AEDD0B7D29B706E200CB4A83 /* MypageLocationCell.swift */; };
		AEDD0B8029B715D700CB4A83 /* FollowPostCell.swift in Sources */ = {isa = PBXBuildFile; fileRef = AEDD0B7F29B715D700CB4A83 /* FollowPostCell.swift */; };
		AEDD0B8229B71B4B00CB4A83 /* FollowingListViewController.swift in Sources */ = {isa = PBXBuildFile; fileRef = AEDD0B8129B71B4B00CB4A83 /* FollowingListViewController.swift */; };
		AEDD0B8429B720CC00CB4A83 /* FollowCell.swift in Sources */ = {isa = PBXBuildFile; fileRef = AEDD0B8329B720CC00CB4A83 /* FollowCell.swift */; };
		AEDD0B8629B780E700CB4A83 /* EditProfileViewController.swift in Sources */ = {isa = PBXBuildFile; fileRef = AEDD0B8529B780E700CB4A83 /* EditProfileViewController.swift */; };
		AEDD0B8A29B87A4E00CB4A83 /* TagLabelCell.swift in Sources */ = {isa = PBXBuildFile; fileRef = AEDD0B8929B87A4E00CB4A83 /* TagLabelCell.swift */; };
		AEDD0B9729B9C37600CB4A83 /* Observable.swift in Sources */ = {isa = PBXBuildFile; fileRef = AEDD0B9629B9C37600CB4A83 /* Observable.swift */; };
		AEDD0B9B29B9CEAF00CB4A83 /* Alamofire in Frameworks */ = {isa = PBXBuildFile; productRef = AEDD0B9A29B9CEAF00CB4A83 /* Alamofire */; };
		AEDD0B9D29B9D21400CB4A83 /* SignupViewmodel.swift in Sources */ = {isa = PBXBuildFile; fileRef = AEDD0B9C29B9D21400CB4A83 /* SignupViewmodel.swift */; };
		AEDD0B9F29B9D24800CB4A83 /* NetworkService.swift in Sources */ = {isa = PBXBuildFile; fileRef = AEDD0B9E29B9D24800CB4A83 /* NetworkService.swift */; };
		AEDD0BA129B9D62500CB4A83 /* SignupModel.swift in Sources */ = {isa = PBXBuildFile; fileRef = AEDD0BA029B9D62500CB4A83 /* SignupModel.swift */; };
		AEDD0BA329BA38EC00CB4A83 /* LoginModel.swift in Sources */ = {isa = PBXBuildFile; fileRef = AEDD0BA229BA38EC00CB4A83 /* LoginModel.swift */; };
		AEDD0BA529BA47BA00CB4A83 /* Resource.swift in Sources */ = {isa = PBXBuildFile; fileRef = AEDD0BA429BA47BA00CB4A83 /* Resource.swift */; };
		AEDD0BA729BA483900CB4A83 /* NetworkResult.swift in Sources */ = {isa = PBXBuildFile; fileRef = AEDD0BA629BA483900CB4A83 /* NetworkResult.swift */; };
		AEDD0BAA29BC780000CB4A83 /* WSTagsField in Frameworks */ = {isa = PBXBuildFile; productRef = AEDD0BA929BC780000CB4A83 /* WSTagsField */; };
		AEDD0BAC29BC9E8500CB4A83 /* MypageModel.swift in Sources */ = {isa = PBXBuildFile; fileRef = AEDD0BAB29BC9E8500CB4A83 /* MypageModel.swift */; };
		AEDD0BB029BCAA6600CB4A83 /* CustomAlertViewController.swift in Sources */ = {isa = PBXBuildFile; fileRef = AEDD0BAF29BCAA6600CB4A83 /* CustomAlertViewController.swift */; };
		AEDD0BB229BF0AF900CB4A83 /* StoreModel.swift in Sources */ = {isa = PBXBuildFile; fileRef = AEDD0BB129BF0AF900CB4A83 /* StoreModel.swift */; };
		AEDD0BB429BF38F000CB4A83 /* StoreIdModel.swift in Sources */ = {isa = PBXBuildFile; fileRef = AEDD0BB329BF38F000CB4A83 /* StoreIdModel.swift */; };
		AEDD0BB629BF427C00CB4A83 /* LocalPost.swift in Sources */ = {isa = PBXBuildFile; fileRef = AEDD0BB529BF427C00CB4A83 /* LocalPost.swift */; };
		AEDD0BB829BF502000CB4A83 /* Extension+UIImageView.swift in Sources */ = {isa = PBXBuildFile; fileRef = AEDD0BB729BF502000CB4A83 /* Extension+UIImageView.swift */; };
		AEDD0BBB29BF7C2A00CB4A83 /* LocationModel.swift in Sources */ = {isa = PBXBuildFile; fileRef = AEDD0BBA29BF7C2A00CB4A83 /* LocationModel.swift */; };
		AEDD0BBD29C1E0F900CB4A83 /* CityModel.swift in Sources */ = {isa = PBXBuildFile; fileRef = AEDD0BBC29C1E0F900CB4A83 /* CityModel.swift */; };
		AEDD0BBF29C202B100CB4A83 /* Extension+UITextField.swift in Sources */ = {isa = PBXBuildFile; fileRef = AEDD0BBE29C202B100CB4A83 /* Extension+UITextField.swift */; };
		AEDD0BC129C730F600CB4A83 /* ChattingModel.swift in Sources */ = {isa = PBXBuildFile; fileRef = AEDD0BC029C730F600CB4A83 /* ChattingModel.swift */; };
		AEDD0BC329CC745300CB4A83 /* FollowingModel.swift in Sources */ = {isa = PBXBuildFile; fileRef = AEDD0BC229CC745300CB4A83 /* FollowingModel.swift */; };
/* End PBXBuildFile section */

/* Begin PBXFileReference section */
		AE19C12529975F8C00124F57 /* SignupViewController.swift */ = {isa = PBXFileReference; lastKnownFileType = sourcecode.swift; path = SignupViewController.swift; sourceTree = "<group>"; };
		AE5212DB299940600050547C /* LocationViewController.swift */ = {isa = PBXFileReference; lastKnownFileType = sourcecode.swift; path = LocationViewController.swift; sourceTree = "<group>"; };
		AE5212DF299A7BE90050547C /* GreetingViewController.swift */ = {isa = PBXFileReference; lastKnownFileType = sourcecode.swift; path = GreetingViewController.swift; sourceTree = "<group>"; };
		AE5212E1299A9C4E0050547C /* FindingPasswordViewController.swift */ = {isa = PBXFileReference; lastKnownFileType = sourcecode.swift; path = FindingPasswordViewController.swift; sourceTree = "<group>"; };
		AE5212E3299AAEEB0050547C /* FindingPasswordDetailViewController.swift */ = {isa = PBXFileReference; lastKnownFileType = sourcecode.swift; path = FindingPasswordDetailViewController.swift; sourceTree = "<group>"; };
		AE5412F4299684490002876A /* HeetProject.app */ = {isa = PBXFileReference; explicitFileType = wrapper.application; includeInIndex = 0; path = HeetProject.app; sourceTree = BUILT_PRODUCTS_DIR; };
		AE5412F7299684490002876A /* AppDelegate.swift */ = {isa = PBXFileReference; lastKnownFileType = sourcecode.swift; path = AppDelegate.swift; sourceTree = "<group>"; };
		AE5412F9299684490002876A /* SceneDelegate.swift */ = {isa = PBXFileReference; lastKnownFileType = sourcecode.swift; path = SceneDelegate.swift; sourceTree = "<group>"; };
		AE5412FB299684490002876A /* LoginViewController.swift */ = {isa = PBXFileReference; lastKnownFileType = sourcecode.swift; path = LoginViewController.swift; sourceTree = "<group>"; };
		AE5413002996844B0002876A /* Assets.xcassets */ = {isa = PBXFileReference; lastKnownFileType = folder.assetcatalog; path = Assets.xcassets; sourceTree = "<group>"; };
		AE5413032996844B0002876A /* Base */ = {isa = PBXFileReference; lastKnownFileType = file.storyboard; name = Base; path = Base.lproj/LaunchScreen.storyboard; sourceTree = "<group>"; };
		AE5413052996844B0002876A /* Info.plist */ = {isa = PBXFileReference; lastKnownFileType = text.plist.xml; path = Info.plist; sourceTree = "<group>"; };
		AE54130B29969EFA0002876A /* ColorManager.swift */ = {isa = PBXFileReference; lastKnownFileType = sourcecode.swift; path = ColorManager.swift; sourceTree = "<group>"; };
		AEA2F3292997708D006F84AB /* SignupDetailViewController.swift */ = {isa = PBXFileReference; lastKnownFileType = sourcecode.swift; path = SignupDetailViewController.swift; sourceTree = "<group>"; };
		AEA2F32C29981FD7006F84AB /* SignupIdViewController.swift */ = {isa = PBXFileReference; lastKnownFileType = sourcecode.swift; path = SignupIdViewController.swift; sourceTree = "<group>"; };
		AEBF78D429A7D02C00F97BC0 /* LocationCell.swift */ = {isa = PBXFileReference; lastKnownFileType = sourcecode.swift; path = LocationCell.swift; sourceTree = "<group>"; };
		AEBF78D629A7F02900F97BC0 /* MainViewController.swift */ = {isa = PBXFileReference; lastKnownFileType = sourcecode.swift; path = MainViewController.swift; sourceTree = "<group>"; };
		AEDD0B4629A7F61F00CB4A83 /* FollowingViewController.swift */ = {isa = PBXFileReference; lastKnownFileType = sourcecode.swift; path = FollowingViewController.swift; sourceTree = "<group>"; };
		AEDD0B4829A7F62A00CB4A83 /* MyPageViewController.swift */ = {isa = PBXFileReference; lastKnownFileType = sourcecode.swift; path = MyPageViewController.swift; sourceTree = "<group>"; };
		AEDD0B4D29A9CE7800CB4A83 /* CustomTabBarController.swift */ = {isa = PBXFileReference; lastKnownFileType = sourcecode.swift; path = CustomTabBarController.swift; sourceTree = "<group>"; };
		AEDD0B5229ACA76500CB4A83 /* LocalCell.swift */ = {isa = PBXFileReference; lastKnownFileType = sourcecode.swift; path = LocalCell.swift; sourceTree = "<group>"; };
		AEDD0B5629AE651600CB4A83 /* ReportingViewController.swift */ = {isa = PBXFileReference; lastKnownFileType = sourcecode.swift; path = ReportingViewController.swift; sourceTree = "<group>"; };
		AEDD0B5829AF6F2A00CB4A83 /* WritingViewController.swift */ = {isa = PBXFileReference; lastKnownFileType = sourcecode.swift; path = WritingViewController.swift; sourceTree = "<group>"; };
		AEDD0B5F29B2380E00CB4A83 /* ShareCell.swift */ = {isa = PBXFileReference; lastKnownFileType = sourcecode.swift; path = ShareCell.swift; sourceTree = "<group>"; };
		AEDD0B6129B31E8F00CB4A83 /* CheckedCell.swift */ = {isa = PBXFileReference; lastKnownFileType = sourcecode.swift; path = CheckedCell.swift; sourceTree = "<group>"; };
		AEDD0B6329B32DD000CB4A83 /* SearchingAddressViewController.swift */ = {isa = PBXFileReference; lastKnownFileType = sourcecode.swift; path = SearchingAddressViewController.swift; sourceTree = "<group>"; };
		AEDD0B6529B33CF300CB4A83 /* AddressCell.swift */ = {isa = PBXFileReference; lastKnownFileType = sourcecode.swift; path = AddressCell.swift; sourceTree = "<group>"; };
		AEDD0B6729B35BC000CB4A83 /* FaceCell.swift */ = {isa = PBXFileReference; lastKnownFileType = sourcecode.swift; path = FaceCell.swift; sourceTree = "<group>"; };
		AEDD0B6929B3AB3600CB4A83 /* ReportingCell.swift */ = {isa = PBXFileReference; lastKnownFileType = sourcecode.swift; path = ReportingCell.swift; sourceTree = "<group>"; };
		AEDD0B6D29B3E36D00CB4A83 /* DetailViewController.swift */ = {isa = PBXFileReference; lastKnownFileType = sourcecode.swift; path = DetailViewController.swift; sourceTree = "<group>"; };
		AEDD0B6F29B3F5CF00CB4A83 /* CompletedReportViewController.swift */ = {isa = PBXFileReference; lastKnownFileType = sourcecode.swift; path = CompletedReportViewController.swift; sourceTree = "<group>"; };
		AEDD0B7129B3FC5800CB4A83 /* ChattingViewController.swift */ = {isa = PBXFileReference; lastKnownFileType = sourcecode.swift; path = ChattingViewController.swift; sourceTree = "<group>"; };
		AEDD0B7329B4439400CB4A83 /* ChattingCell.swift */ = {isa = PBXFileReference; lastKnownFileType = sourcecode.swift; path = ChattingCell.swift; sourceTree = "<group>"; };
		AEDD0B7529B4B2F500CB4A83 /* LocationGuCell.swift */ = {isa = PBXFileReference; lastKnownFileType = sourcecode.swift; path = LocationGuCell.swift; sourceTree = "<group>"; };
		AEDD0B7729B5A8C200CB4A83 /* MainValidateViewController.swift */ = {isa = PBXFileReference; lastKnownFileType = sourcecode.swift; path = MainValidateViewController.swift; sourceTree = "<group>"; };
		AEDD0B7929B6FD1700CB4A83 /* SettingViewController.swift */ = {isa = PBXFileReference; lastKnownFileType = sourcecode.swift; path = SettingViewController.swift; sourceTree = "<group>"; };
		AEDD0B7D29B706E200CB4A83 /* MypageLocationCell.swift */ = {isa = PBXFileReference; lastKnownFileType = sourcecode.swift; path = MypageLocationCell.swift; sourceTree = "<group>"; };
		AEDD0B7F29B715D700CB4A83 /* FollowPostCell.swift */ = {isa = PBXFileReference; lastKnownFileType = sourcecode.swift; path = FollowPostCell.swift; sourceTree = "<group>"; };
		AEDD0B8129B71B4B00CB4A83 /* FollowingListViewController.swift */ = {isa = PBXFileReference; lastKnownFileType = sourcecode.swift; path = FollowingListViewController.swift; sourceTree = "<group>"; };
		AEDD0B8329B720CC00CB4A83 /* FollowCell.swift */ = {isa = PBXFileReference; lastKnownFileType = sourcecode.swift; path = FollowCell.swift; sourceTree = "<group>"; };
		AEDD0B8529B780E700CB4A83 /* EditProfileViewController.swift */ = {isa = PBXFileReference; lastKnownFileType = sourcecode.swift; path = EditProfileViewController.swift; sourceTree = "<group>"; };
		AEDD0B8929B87A4E00CB4A83 /* TagLabelCell.swift */ = {isa = PBXFileReference; lastKnownFileType = sourcecode.swift; path = TagLabelCell.swift; sourceTree = "<group>"; };
		AEDD0B9629B9C37600CB4A83 /* Observable.swift */ = {isa = PBXFileReference; lastKnownFileType = sourcecode.swift; path = Observable.swift; sourceTree = "<group>"; };
		AEDD0B9C29B9D21400CB4A83 /* SignupViewmodel.swift */ = {isa = PBXFileReference; lastKnownFileType = sourcecode.swift; path = SignupViewmodel.swift; sourceTree = "<group>"; };
		AEDD0B9E29B9D24800CB4A83 /* NetworkService.swift */ = {isa = PBXFileReference; lastKnownFileType = sourcecode.swift; path = NetworkService.swift; sourceTree = "<group>"; };
		AEDD0BA029B9D62500CB4A83 /* SignupModel.swift */ = {isa = PBXFileReference; lastKnownFileType = sourcecode.swift; path = SignupModel.swift; sourceTree = "<group>"; };
		AEDD0BA229BA38EC00CB4A83 /* LoginModel.swift */ = {isa = PBXFileReference; lastKnownFileType = sourcecode.swift; path = LoginModel.swift; sourceTree = "<group>"; };
		AEDD0BA429BA47BA00CB4A83 /* Resource.swift */ = {isa = PBXFileReference; lastKnownFileType = sourcecode.swift; path = Resource.swift; sourceTree = "<group>"; };
		AEDD0BA629BA483900CB4A83 /* NetworkResult.swift */ = {isa = PBXFileReference; lastKnownFileType = sourcecode.swift; path = NetworkResult.swift; sourceTree = "<group>"; };
		AEDD0BAB29BC9E8500CB4A83 /* MypageModel.swift */ = {isa = PBXFileReference; lastKnownFileType = sourcecode.swift; path = MypageModel.swift; sourceTree = "<group>"; };
		AEDD0BAF29BCAA6600CB4A83 /* CustomAlertViewController.swift */ = {isa = PBXFileReference; lastKnownFileType = sourcecode.swift; path = CustomAlertViewController.swift; sourceTree = "<group>"; };
		AEDD0BB129BF0AF900CB4A83 /* StoreModel.swift */ = {isa = PBXFileReference; lastKnownFileType = sourcecode.swift; path = StoreModel.swift; sourceTree = "<group>"; };
		AEDD0BB329BF38F000CB4A83 /* StoreIdModel.swift */ = {isa = PBXFileReference; lastKnownFileType = sourcecode.swift; path = StoreIdModel.swift; sourceTree = "<group>"; };
		AEDD0BB529BF427C00CB4A83 /* LocalPost.swift */ = {isa = PBXFileReference; lastKnownFileType = sourcecode.swift; path = LocalPost.swift; sourceTree = "<group>"; };
		AEDD0BB729BF502000CB4A83 /* Extension+UIImageView.swift */ = {isa = PBXFileReference; lastKnownFileType = sourcecode.swift; path = "Extension+UIImageView.swift"; sourceTree = "<group>"; };
		AEDD0BBA29BF7C2A00CB4A83 /* LocationModel.swift */ = {isa = PBXFileReference; lastKnownFileType = sourcecode.swift; path = LocationModel.swift; sourceTree = "<group>"; };
		AEDD0BBC29C1E0F900CB4A83 /* CityModel.swift */ = {isa = PBXFileReference; lastKnownFileType = sourcecode.swift; path = CityModel.swift; sourceTree = "<group>"; };
		AEDD0BBE29C202B100CB4A83 /* Extension+UITextField.swift */ = {isa = PBXFileReference; lastKnownFileType = sourcecode.swift; path = "Extension+UITextField.swift"; sourceTree = "<group>"; };
		AEDD0BC029C730F600CB4A83 /* ChattingModel.swift */ = {isa = PBXFileReference; lastKnownFileType = sourcecode.swift; path = ChattingModel.swift; sourceTree = "<group>"; };
		AEDD0BC229CC745300CB4A83 /* FollowingModel.swift */ = {isa = PBXFileReference; lastKnownFileType = sourcecode.swift; path = FollowingModel.swift; sourceTree = "<group>"; };
/* End PBXFileReference section */

/* Begin PBXFrameworksBuildPhase section */
		AE5412F1299684490002876A /* Frameworks */ = {
			isa = PBXFrameworksBuildPhase;
			buildActionMask = 2147483647;
			files = (
				AEDD0B5C29B2038600CB4A83 /* ExpyTableView in Frameworks */,
				AEDD0B9B29B9CEAF00CB4A83 /* Alamofire in Frameworks */,
				AE19C122299757D000124F57 /* SnapKit in Frameworks */,
				AEDD0BAA29BC780000CB4A83 /* WSTagsField in Frameworks */,
				AEDD0B4C29A9C84200CB4A83 /* BSImagePicker in Frameworks */,
			);
			runOnlyForDeploymentPostprocessing = 0;
		};
/* End PBXFrameworksBuildPhase section */

/* Begin PBXGroup section */
		AE5412EB299684490002876A = {
			isa = PBXGroup;
			children = (
				AE5412F6299684490002876A /* HeetProject */,
				AE5412F5299684490002876A /* Products */,
			);
			sourceTree = "<group>";
		};
		AE5412F5299684490002876A /* Products */ = {
			isa = PBXGroup;
			children = (
				AE5412F4299684490002876A /* HeetProject.app */,
			);
			name = Products;
			sourceTree = "<group>";
		};
		AE5412F6299684490002876A /* HeetProject */ = {
			isa = PBXGroup;
			children = (
				AEDD0B5129A9E49400CB4A83 /* App */,
				AEA2F32B2997785F006F84AB /* View */,
				AEDD0B5029A9E47B00CB4A83 /* ViewModel */,
				AEDD0B4F29A9E47100CB4A83 /* Model */,
				AEDD0B9829B9C38000CB4A83 /* Network */,
				AEDD0BB929BF7A3400CB4A83 /* Extension */,
				AE5413002996844B0002876A /* Assets.xcassets */,
				AE5413022996844B0002876A /* LaunchScreen.storyboard */,
				AE5413052996844B0002876A /* Info.plist */,
			);
			path = HeetProject;
			sourceTree = "<group>";
		};
		AEA2F32B2997785F006F84AB /* View */ = {
			isa = PBXGroup;
			children = (
				AEDD0B8B29B8970700CB4A83 /* Login */,
				AEDD0B8C29B8971E00CB4A83 /* Signup */,
				AEDD0B9229B897B500CB4A83 /* SettingLocation */,
				AEDD0B8E29B8975C00CB4A83 /* Password */,
				AEDD0B9329B897D100CB4A83 /* MainPost */,
				AEDD0B9129B8979B00CB4A83 /* Writing */,
				AEDD0B9529B8981300CB4A83 /* SearchAddress */,
				AEDD0B9429B897F400CB4A83 /* Reporting */,
				AEDD0B8D29B8974200CB4A83 /* Chatting */,
				AEDD0B8F29B8977300CB4A83 /* Following */,
				AEDD0B9029B8978500CB4A83 /* Mypage */,
			);
			path = View;
			sourceTree = "<group>";
		};
		AEDD0B4F29A9E47100CB4A83 /* Model */ = {
			isa = PBXGroup;
			children = (
				AEDD0BA029B9D62500CB4A83 /* SignupModel.swift */,
				AEDD0BA229BA38EC00CB4A83 /* LoginModel.swift */,
				AEDD0BAB29BC9E8500CB4A83 /* MypageModel.swift */,
				AEDD0BB129BF0AF900CB4A83 /* StoreModel.swift */,
				AEDD0BB329BF38F000CB4A83 /* StoreIdModel.swift */,
				AEDD0BB529BF427C00CB4A83 /* LocalPost.swift */,
				AEDD0BBA29BF7C2A00CB4A83 /* LocationModel.swift */,
				AEDD0BBC29C1E0F900CB4A83 /* CityModel.swift */,
				AEDD0BC029C730F600CB4A83 /* ChattingModel.swift */,
				AEDD0BC229CC745300CB4A83 /* FollowingModel.swift */,
			);
			path = Model;
			sourceTree = "<group>";
		};
		AEDD0B5029A9E47B00CB4A83 /* ViewModel */ = {
			isa = PBXGroup;
			children = (
				AEDD0B9C29B9D21400CB4A83 /* SignupViewmodel.swift */,
			);
			path = ViewModel;
			sourceTree = "<group>";
		};
		AEDD0B5129A9E49400CB4A83 /* App */ = {
			isa = PBXGroup;
			children = (
				AE5412F7299684490002876A /* AppDelegate.swift */,
				AE5412F9299684490002876A /* SceneDelegate.swift */,
				AE54130B29969EFA0002876A /* ColorManager.swift */,
			);
			path = App;
			sourceTree = "<group>";
		};
		AEDD0B8B29B8970700CB4A83 /* Login */ = {
			isa = PBXGroup;
			children = (
				AE5412FB299684490002876A /* LoginViewController.swift */,
			);
			path = Login;
			sourceTree = "<group>";
		};
		AEDD0B8C29B8971E00CB4A83 /* Signup */ = {
			isa = PBXGroup;
			children = (
				AEDD0B4D29A9CE7800CB4A83 /* CustomTabBarController.swift */,
				AE19C12529975F8C00124F57 /* SignupViewController.swift */,
				AEA2F3292997708D006F84AB /* SignupDetailViewController.swift */,
				AEA2F32C29981FD7006F84AB /* SignupIdViewController.swift */,
			);
			path = Signup;
			sourceTree = "<group>";
		};
		AEDD0B8D29B8974200CB4A83 /* Chatting */ = {
			isa = PBXGroup;
			children = (
				AEDD0B7129B3FC5800CB4A83 /* ChattingViewController.swift */,
				AEDD0B7329B4439400CB4A83 /* ChattingCell.swift */,
			);
			path = Chatting;
			sourceTree = "<group>";
		};
		AEDD0B8E29B8975C00CB4A83 /* Password */ = {
			isa = PBXGroup;
			children = (
				AE5212E1299A9C4E0050547C /* FindingPasswordViewController.swift */,
				AE5212E3299AAEEB0050547C /* FindingPasswordDetailViewController.swift */,
			);
			path = Password;
			sourceTree = "<group>";
		};
		AEDD0B8F29B8977300CB4A83 /* Following */ = {
			isa = PBXGroup;
			children = (
				AEDD0B4629A7F61F00CB4A83 /* FollowingViewController.swift */,
				AEDD0B7F29B715D700CB4A83 /* FollowPostCell.swift */,
				AEDD0B8129B71B4B00CB4A83 /* FollowingListViewController.swift */,
				AEDD0B8329B720CC00CB4A83 /* FollowCell.swift */,
			);
			path = Following;
			sourceTree = "<group>";
		};
		AEDD0B9029B8978500CB4A83 /* Mypage */ = {
			isa = PBXGroup;
			children = (
				AEDD0B4829A7F62A00CB4A83 /* MyPageViewController.swift */,
				AEDD0B7D29B706E200CB4A83 /* MypageLocationCell.swift */,
				AEDD0B7929B6FD1700CB4A83 /* SettingViewController.swift */,
				AEDD0B8529B780E700CB4A83 /* EditProfileViewController.swift */,
			);
			path = Mypage;
			sourceTree = "<group>";
		};
		AEDD0B9129B8979B00CB4A83 /* Writing */ = {
			isa = PBXGroup;
			children = (
				AEDD0B5829AF6F2A00CB4A83 /* WritingViewController.swift */,
				AEDD0BAF29BCAA6600CB4A83 /* CustomAlertViewController.swift */,
				AEDD0B8929B87A4E00CB4A83 /* TagLabelCell.swift */,
				AEDD0B5F29B2380E00CB4A83 /* ShareCell.swift */,
				AEDD0B6129B31E8F00CB4A83 /* CheckedCell.swift */,
				AEDD0B6729B35BC000CB4A83 /* FaceCell.swift */,
			);
			path = Writing;
			sourceTree = "<group>";
		};
		AEDD0B9229B897B500CB4A83 /* SettingLocation */ = {
			isa = PBXGroup;
			children = (
				AE5212DB299940600050547C /* LocationViewController.swift */,
				AEBF78D429A7D02C00F97BC0 /* LocationCell.swift */,
				AEDD0B7529B4B2F500CB4A83 /* LocationGuCell.swift */,
				AE5212DF299A7BE90050547C /* GreetingViewController.swift */,
			);
			path = SettingLocation;
			sourceTree = "<group>";
		};
		AEDD0B9329B897D100CB4A83 /* MainPost */ = {
			isa = PBXGroup;
			children = (
				AEDD0B7729B5A8C200CB4A83 /* MainValidateViewController.swift */,
				AEBF78D629A7F02900F97BC0 /* MainViewController.swift */,
				AEDD0B5229ACA76500CB4A83 /* LocalCell.swift */,
				AEDD0B6D29B3E36D00CB4A83 /* DetailViewController.swift */,
			);
			path = MainPost;
			sourceTree = "<group>";
		};
		AEDD0B9429B897F400CB4A83 /* Reporting */ = {
			isa = PBXGroup;
			children = (
				AEDD0B5629AE651600CB4A83 /* ReportingViewController.swift */,
				AEDD0B6F29B3F5CF00CB4A83 /* CompletedReportViewController.swift */,
				AEDD0B6929B3AB3600CB4A83 /* ReportingCell.swift */,
			);
			path = Reporting;
			sourceTree = "<group>";
		};
		AEDD0B9529B8981300CB4A83 /* SearchAddress */ = {
			isa = PBXGroup;
			children = (
				AEDD0B6329B32DD000CB4A83 /* SearchingAddressViewController.swift */,
				AEDD0B6529B33CF300CB4A83 /* AddressCell.swift */,
			);
			path = SearchAddress;
			sourceTree = "<group>";
		};
		AEDD0B9829B9C38000CB4A83 /* Network */ = {
			isa = PBXGroup;
			children = (
				AEDD0B9629B9C37600CB4A83 /* Observable.swift */,
				AEDD0B9E29B9D24800CB4A83 /* NetworkService.swift */,
				AEDD0BA429BA47BA00CB4A83 /* Resource.swift */,
				AEDD0BA629BA483900CB4A83 /* NetworkResult.swift */,
			);
			path = Network;
			sourceTree = "<group>";
		};
		AEDD0BB929BF7A3400CB4A83 /* Extension */ = {
			isa = PBXGroup;
			children = (
				AEDD0BB729BF502000CB4A83 /* Extension+UIImageView.swift */,
				AEDD0BBE29C202B100CB4A83 /* Extension+UITextField.swift */,
			);
			path = Extension;
			sourceTree = "<group>";
		};
/* End PBXGroup section */

/* Begin PBXNativeTarget section */
		AE5412F3299684490002876A /* HeetProject */ = {
			isa = PBXNativeTarget;
			buildConfigurationList = AE5413082996844B0002876A /* Build configuration list for PBXNativeTarget "HeetProject" */;
			buildPhases = (
				AE5412F0299684490002876A /* Sources */,
				AE5412F1299684490002876A /* Frameworks */,
				AE5412F2299684490002876A /* Resources */,
			);
			buildRules = (
			);
			dependencies = (
			);
			name = HeetProject;
			packageProductDependencies = (
				AE19C121299757D000124F57 /* SnapKit */,
				AEDD0B4B29A9C84200CB4A83 /* BSImagePicker */,
				AEDD0B5B29B2038600CB4A83 /* ExpyTableView */,
				AEDD0B9A29B9CEAF00CB4A83 /* Alamofire */,
				AEDD0BA929BC780000CB4A83 /* WSTagsField */,
			);
			productName = HeetProject;
			productReference = AE5412F4299684490002876A /* HeetProject.app */;
			productType = "com.apple.product-type.application";
		};
/* End PBXNativeTarget section */

/* Begin PBXProject section */
		AE5412EC299684490002876A /* Project object */ = {
			isa = PBXProject;
			attributes = {
				BuildIndependentTargetsInParallel = 1;
				LastSwiftUpdateCheck = 1420;
				LastUpgradeCheck = 1420;
				TargetAttributes = {
					AE5412F3299684490002876A = {
						CreatedOnToolsVersion = 14.2;
					};
				};
			};
			buildConfigurationList = AE5412EF299684490002876A /* Build configuration list for PBXProject "HeetProject" */;
			compatibilityVersion = "Xcode 14.0";
			developmentRegion = en;
			hasScannedForEncodings = 0;
			knownRegions = (
				en,
				Base,
			);
			mainGroup = AE5412EB299684490002876A;
			packageReferences = (
				AE19C120299757D000124F57 /* XCRemoteSwiftPackageReference "SnapKit" */,
				AEDD0B4A29A9C84200CB4A83 /* XCRemoteSwiftPackageReference "BSImagePicker" */,
				AEDD0B5A29B2038600CB4A83 /* XCRemoteSwiftPackageReference "ExpyTableView" */,
				AEDD0B9929B9CEAF00CB4A83 /* XCRemoteSwiftPackageReference "Alamofire" */,
				AEDD0BA829BC780000CB4A83 /* XCRemoteSwiftPackageReference "WSTagsField" */,
			);
			productRefGroup = AE5412F5299684490002876A /* Products */;
			projectDirPath = "";
			projectRoot = "";
			targets = (
				AE5412F3299684490002876A /* HeetProject */,
			);
		};
/* End PBXProject section */

/* Begin PBXResourcesBuildPhase section */
		AE5412F2299684490002876A /* Resources */ = {
			isa = PBXResourcesBuildPhase;
			buildActionMask = 2147483647;
			files = (
				AE5413042996844B0002876A /* LaunchScreen.storyboard in Resources */,
				AE5413012996844B0002876A /* Assets.xcassets in Resources */,
			);
			runOnlyForDeploymentPostprocessing = 0;
		};
/* End PBXResourcesBuildPhase section */

/* Begin PBXSourcesBuildPhase section */
		AE5412F0299684490002876A /* Sources */ = {
			isa = PBXSourcesBuildPhase;
			buildActionMask = 2147483647;
			files = (
				AEDD0B6429B32DD000CB4A83 /* SearchingAddressViewController.swift in Sources */,
				AEDD0BBF29C202B100CB4A83 /* Extension+UITextField.swift in Sources */,
				AEDD0BB829BF502000CB4A83 /* Extension+UIImageView.swift in Sources */,
				AEDD0B8029B715D700CB4A83 /* FollowPostCell.swift in Sources */,
				AE5212E4299AAEEC0050547C /* FindingPasswordDetailViewController.swift in Sources */,
				AEBF78D729A7F02900F97BC0 /* MainViewController.swift in Sources */,
				AEDD0BB429BF38F000CB4A83 /* StoreIdModel.swift in Sources */,
				AEDD0B4E29A9CE7800CB4A83 /* CustomTabBarController.swift in Sources */,
				AEDD0BA129B9D62500CB4A83 /* SignupModel.swift in Sources */,
				AEDD0BC329CC745300CB4A83 /* FollowingModel.swift in Sources */,
				AEDD0B7629B4B2F500CB4A83 /* LocationGuCell.swift in Sources */,
				AEDD0B8429B720CC00CB4A83 /* FollowCell.swift in Sources */,
				AEDD0BBD29C1E0F900CB4A83 /* CityModel.swift in Sources */,
				AEDD0B6A29B3AB3600CB4A83 /* ReportingCell.swift in Sources */,
				AEDD0B7229B3FC5800CB4A83 /* ChattingViewController.swift in Sources */,
				AEDD0BAC29BC9E8500CB4A83 /* MypageModel.swift in Sources */,
				AEDD0BB029BCAA6600CB4A83 /* CustomAlertViewController.swift in Sources */,
				AEDD0B5729AE651600CB4A83 /* ReportingViewController.swift in Sources */,
				AE5412FC299684490002876A /* LoginViewController.swift in Sources */,
				AEDD0B8A29B87A4E00CB4A83 /* TagLabelCell.swift in Sources */,
				AEDD0B6629B33CF300CB4A83 /* AddressCell.swift in Sources */,
				AEDD0B9729B9C37600CB4A83 /* Observable.swift in Sources */,
				AEDD0B5929AF6F2A00CB4A83 /* WritingViewController.swift in Sources */,
				AEDD0B7429B4439400CB4A83 /* ChattingCell.swift in Sources */,
				AEDD0B7E29B706E200CB4A83 /* MypageLocationCell.swift in Sources */,
				AE5212E0299A7BE90050547C /* GreetingViewController.swift in Sources */,
				AEDD0B4729A7F61F00CB4A83 /* FollowingViewController.swift in Sources */,
				AEDD0B6829B35BC000CB4A83 /* FaceCell.swift in Sources */,
				AEA2F32D29981FD7006F84AB /* SignupIdViewController.swift in Sources */,
				AEDD0B6029B2380E00CB4A83 /* ShareCell.swift in Sources */,
				AEDD0B8229B71B4B00CB4A83 /* FollowingListViewController.swift in Sources */,
				AEDD0BB629BF427C00CB4A83 /* LocalPost.swift in Sources */,
				AEDD0BA729BA483900CB4A83 /* NetworkResult.swift in Sources */,
				AEDD0B7829B5A8C200CB4A83 /* MainValidateViewController.swift in Sources */,
				AEDD0BA529BA47BA00CB4A83 /* Resource.swift in Sources */,
				AEA2F32A2997708D006F84AB /* SignupDetailViewController.swift in Sources */,
				AEDD0B9F29B9D24800CB4A83 /* NetworkService.swift in Sources */,
				AEDD0B6229B31E8F00CB4A83 /* CheckedCell.swift in Sources */,
				AEDD0B9D29B9D21400CB4A83 /* SignupViewmodel.swift in Sources */,
				AEDD0BBB29BF7C2A00CB4A83 /* LocationModel.swift in Sources */,
				AEDD0B7029B3F5CF00CB4A83 /* CompletedReportViewController.swift in Sources */,
				AEDD0B8629B780E700CB4A83 /* EditProfileViewController.swift in Sources */,
				AEDD0B5329ACA76500CB4A83 /* LocalCell.swift in Sources */,
				AEDD0BC129C730F600CB4A83 /* ChattingModel.swift in Sources */,
				AEDD0B7A29B6FD1700CB4A83 /* SettingViewController.swift in Sources */,
				AE5212E2299A9C4E0050547C /* FindingPasswordViewController.swift in Sources */,
				AEBF78D529A7D02C00F97BC0 /* LocationCell.swift in Sources */,
				AE5412F8299684490002876A /* AppDelegate.swift in Sources */,
				AEDD0B4929A7F62A00CB4A83 /* MyPageViewController.swift in Sources */,
				AEDD0BB229BF0AF900CB4A83 /* StoreModel.swift in Sources */,
				AEDD0BA329BA38EC00CB4A83 /* LoginModel.swift in Sources */,
				AE19C12629975F8C00124F57 /* SignupViewController.swift in Sources */,
				AE5212DC299940600050547C /* LocationViewController.swift in Sources */,
				AE5412FA299684490002876A /* SceneDelegate.swift in Sources */,
				AE54130C29969EFA0002876A /* ColorManager.swift in Sources */,
				AEDD0B6E29B3E36D00CB4A83 /* DetailViewController.swift in Sources */,
			);
			runOnlyForDeploymentPostprocessing = 0;
		};
/* End PBXSourcesBuildPhase section */

/* Begin PBXVariantGroup section */
		AE5413022996844B0002876A /* LaunchScreen.storyboard */ = {
			isa = PBXVariantGroup;
			children = (
				AE5413032996844B0002876A /* Base */,
			);
			name = LaunchScreen.storyboard;
			sourceTree = "<group>";
		};
/* End PBXVariantGroup section */

/* Begin XCBuildConfiguration section */
		AE5413062996844B0002876A /* Debug */ = {
			isa = XCBuildConfiguration;
			buildSettings = {
				ALWAYS_SEARCH_USER_PATHS = NO;
				CLANG_ANALYZER_NONNULL = YES;
				CLANG_ANALYZER_NUMBER_OBJECT_CONVERSION = YES_AGGRESSIVE;
				CLANG_CXX_LANGUAGE_STANDARD = "gnu++20";
				CLANG_ENABLE_MODULES = YES;
				CLANG_ENABLE_OBJC_ARC = YES;
				CLANG_ENABLE_OBJC_WEAK = YES;
				CLANG_WARN_BLOCK_CAPTURE_AUTORELEASING = YES;
				CLANG_WARN_BOOL_CONVERSION = YES;
				CLANG_WARN_COMMA = YES;
				CLANG_WARN_CONSTANT_CONVERSION = YES;
				CLANG_WARN_DEPRECATED_OBJC_IMPLEMENTATIONS = YES;
				CLANG_WARN_DIRECT_OBJC_ISA_USAGE = YES_ERROR;
				CLANG_WARN_DOCUMENTATION_COMMENTS = YES;
				CLANG_WARN_EMPTY_BODY = YES;
				CLANG_WARN_ENUM_CONVERSION = YES;
				CLANG_WARN_INFINITE_RECURSION = YES;
				CLANG_WARN_INT_CONVERSION = YES;
				CLANG_WARN_NON_LITERAL_NULL_CONVERSION = YES;
				CLANG_WARN_OBJC_IMPLICIT_RETAIN_SELF = YES;
				CLANG_WARN_OBJC_LITERAL_CONVERSION = YES;
				CLANG_WARN_OBJC_ROOT_CLASS = YES_ERROR;
				CLANG_WARN_QUOTED_INCLUDE_IN_FRAMEWORK_HEADER = YES;
				CLANG_WARN_RANGE_LOOP_ANALYSIS = YES;
				CLANG_WARN_STRICT_PROTOTYPES = YES;
				CLANG_WARN_SUSPICIOUS_MOVE = YES;
				CLANG_WARN_UNGUARDED_AVAILABILITY = YES_AGGRESSIVE;
				CLANG_WARN_UNREACHABLE_CODE = YES;
				CLANG_WARN__DUPLICATE_METHOD_MATCH = YES;
				COPY_PHASE_STRIP = NO;
				DEBUG_INFORMATION_FORMAT = dwarf;
				ENABLE_STRICT_OBJC_MSGSEND = YES;
				ENABLE_TESTABILITY = YES;
				GCC_C_LANGUAGE_STANDARD = gnu11;
				GCC_DYNAMIC_NO_PIC = NO;
				GCC_NO_COMMON_BLOCKS = YES;
				GCC_OPTIMIZATION_LEVEL = 0;
				GCC_PREPROCESSOR_DEFINITIONS = (
					"DEBUG=1",
					"$(inherited)",
				);
				GCC_WARN_64_TO_32_BIT_CONVERSION = YES;
				GCC_WARN_ABOUT_RETURN_TYPE = YES_ERROR;
				GCC_WARN_UNDECLARED_SELECTOR = YES;
				GCC_WARN_UNINITIALIZED_AUTOS = YES_AGGRESSIVE;
				GCC_WARN_UNUSED_FUNCTION = YES;
				GCC_WARN_UNUSED_VARIABLE = YES;
				IPHONEOS_DEPLOYMENT_TARGET = 16.2;
				MTL_ENABLE_DEBUG_INFO = INCLUDE_SOURCE;
				MTL_FAST_MATH = YES;
				ONLY_ACTIVE_ARCH = YES;
				SDKROOT = iphoneos;
				SWIFT_ACTIVE_COMPILATION_CONDITIONS = DEBUG;
				SWIFT_OPTIMIZATION_LEVEL = "-Onone";
			};
			name = Debug;
		};
		AE5413072996844B0002876A /* Release */ = {
			isa = XCBuildConfiguration;
			buildSettings = {
				ALWAYS_SEARCH_USER_PATHS = NO;
				CLANG_ANALYZER_NONNULL = YES;
				CLANG_ANALYZER_NUMBER_OBJECT_CONVERSION = YES_AGGRESSIVE;
				CLANG_CXX_LANGUAGE_STANDARD = "gnu++20";
				CLANG_ENABLE_MODULES = YES;
				CLANG_ENABLE_OBJC_ARC = YES;
				CLANG_ENABLE_OBJC_WEAK = YES;
				CLANG_WARN_BLOCK_CAPTURE_AUTORELEASING = YES;
				CLANG_WARN_BOOL_CONVERSION = YES;
				CLANG_WARN_COMMA = YES;
				CLANG_WARN_CONSTANT_CONVERSION = YES;
				CLANG_WARN_DEPRECATED_OBJC_IMPLEMENTATIONS = YES;
				CLANG_WARN_DIRECT_OBJC_ISA_USAGE = YES_ERROR;
				CLANG_WARN_DOCUMENTATION_COMMENTS = YES;
				CLANG_WARN_EMPTY_BODY = YES;
				CLANG_WARN_ENUM_CONVERSION = YES;
				CLANG_WARN_INFINITE_RECURSION = YES;
				CLANG_WARN_INT_CONVERSION = YES;
				CLANG_WARN_NON_LITERAL_NULL_CONVERSION = YES;
				CLANG_WARN_OBJC_IMPLICIT_RETAIN_SELF = YES;
				CLANG_WARN_OBJC_LITERAL_CONVERSION = YES;
				CLANG_WARN_OBJC_ROOT_CLASS = YES_ERROR;
				CLANG_WARN_QUOTED_INCLUDE_IN_FRAMEWORK_HEADER = YES;
				CLANG_WARN_RANGE_LOOP_ANALYSIS = YES;
				CLANG_WARN_STRICT_PROTOTYPES = YES;
				CLANG_WARN_SUSPICIOUS_MOVE = YES;
				CLANG_WARN_UNGUARDED_AVAILABILITY = YES_AGGRESSIVE;
				CLANG_WARN_UNREACHABLE_CODE = YES;
				CLANG_WARN__DUPLICATE_METHOD_MATCH = YES;
				COPY_PHASE_STRIP = NO;
				DEBUG_INFORMATION_FORMAT = "dwarf-with-dsym";
				ENABLE_NS_ASSERTIONS = NO;
				ENABLE_STRICT_OBJC_MSGSEND = YES;
				GCC_C_LANGUAGE_STANDARD = gnu11;
				GCC_NO_COMMON_BLOCKS = YES;
				GCC_WARN_64_TO_32_BIT_CONVERSION = YES;
				GCC_WARN_ABOUT_RETURN_TYPE = YES_ERROR;
				GCC_WARN_UNDECLARED_SELECTOR = YES;
				GCC_WARN_UNINITIALIZED_AUTOS = YES_AGGRESSIVE;
				GCC_WARN_UNUSED_FUNCTION = YES;
				GCC_WARN_UNUSED_VARIABLE = YES;
				IPHONEOS_DEPLOYMENT_TARGET = 16.2;
				MTL_ENABLE_DEBUG_INFO = NO;
				MTL_FAST_MATH = YES;
				SDKROOT = iphoneos;
				SWIFT_COMPILATION_MODE = wholemodule;
				SWIFT_OPTIMIZATION_LEVEL = "-O";
				VALIDATE_PRODUCT = YES;
			};
			name = Release;
		};
		AE5413092996844B0002876A /* Debug */ = {
			isa = XCBuildConfiguration;
			buildSettings = {
				ASSETCATALOG_COMPILER_APPICON_NAME = AppIcon;
				ASSETCATALOG_COMPILER_GLOBAL_ACCENT_COLOR_NAME = AccentColor;
				CODE_SIGN_STYLE = Automatic;
				CURRENT_PROJECT_VERSION = 1;
				DEVELOPMENT_TEAM = 3GVULMQ3LL;
				GENERATE_INFOPLIST_FILE = YES;
				INFOPLIST_FILE = HeetProject/Info.plist;
				INFOPLIST_KEY_UIApplicationSupportsIndirectInputEvents = YES;
				INFOPLIST_KEY_UILaunchStoryboardName = LaunchScreen;
				INFOPLIST_KEY_UISupportedInterfaceOrientations_iPad = "UIInterfaceOrientationPortrait UIInterfaceOrientationPortraitUpsideDown UIInterfaceOrientationLandscapeLeft UIInterfaceOrientationLandscapeRight";
				INFOPLIST_KEY_UISupportedInterfaceOrientations_iPhone = "UIInterfaceOrientationPortrait UIInterfaceOrientationLandscapeLeft UIInterfaceOrientationLandscapeRight";
				LD_RUNPATH_SEARCH_PATHS = (
					"$(inherited)",
					"@executable_path/Frameworks",
				);
				MARKETING_VERSION = 1.0;
				PRODUCT_BUNDLE_IDENTIFIER = cathy.HeetProject;
				PRODUCT_NAME = "$(TARGET_NAME)";
				SWIFT_EMIT_LOC_STRINGS = YES;
				SWIFT_VERSION = 5.0;
				TARGETED_DEVICE_FAMILY = "1,2";
			};
			name = Debug;
		};
		AE54130A2996844B0002876A /* Release */ = {
			isa = XCBuildConfiguration;
			buildSettings = {
				ASSETCATALOG_COMPILER_APPICON_NAME = AppIcon;
				ASSETCATALOG_COMPILER_GLOBAL_ACCENT_COLOR_NAME = AccentColor;
				CODE_SIGN_STYLE = Automatic;
				CURRENT_PROJECT_VERSION = 1;
				DEVELOPMENT_TEAM = 3GVULMQ3LL;
				GENERATE_INFOPLIST_FILE = YES;
				INFOPLIST_FILE = HeetProject/Info.plist;
				INFOPLIST_KEY_UIApplicationSupportsIndirectInputEvents = YES;
				INFOPLIST_KEY_UILaunchStoryboardName = LaunchScreen;
				INFOPLIST_KEY_UISupportedInterfaceOrientations_iPad = "UIInterfaceOrientationPortrait UIInterfaceOrientationPortraitUpsideDown UIInterfaceOrientationLandscapeLeft UIInterfaceOrientationLandscapeRight";
				INFOPLIST_KEY_UISupportedInterfaceOrientations_iPhone = "UIInterfaceOrientationPortrait UIInterfaceOrientationLandscapeLeft UIInterfaceOrientationLandscapeRight";
				LD_RUNPATH_SEARCH_PATHS = (
					"$(inherited)",
					"@executable_path/Frameworks",
				);
				MARKETING_VERSION = 1.0;
				PRODUCT_BUNDLE_IDENTIFIER = cathy.HeetProject;
				PRODUCT_NAME = "$(TARGET_NAME)";
				SWIFT_EMIT_LOC_STRINGS = YES;
				SWIFT_VERSION = 5.0;
				TARGETED_DEVICE_FAMILY = "1,2";
			};
			name = Release;
		};
/* End XCBuildConfiguration section */

/* Begin XCConfigurationList section */
		AE5412EF299684490002876A /* Build configuration list for PBXProject "HeetProject" */ = {
			isa = XCConfigurationList;
			buildConfigurations = (
				AE5413062996844B0002876A /* Debug */,
				AE5413072996844B0002876A /* Release */,
			);
			defaultConfigurationIsVisible = 0;
			defaultConfigurationName = Release;
		};
		AE5413082996844B0002876A /* Build configuration list for PBXNativeTarget "HeetProject" */ = {
			isa = XCConfigurationList;
			buildConfigurations = (
				AE5413092996844B0002876A /* Debug */,
				AE54130A2996844B0002876A /* Release */,
			);
			defaultConfigurationIsVisible = 0;
			defaultConfigurationName = Release;
		};
/* End XCConfigurationList section */

/* Begin XCRemoteSwiftPackageReference section */
		AE19C120299757D000124F57 /* XCRemoteSwiftPackageReference "SnapKit" */ = {
			isa = XCRemoteSwiftPackageReference;
			repositoryURL = "https://github.com/SnapKit/SnapKit";
			requirement = {
				kind = upToNextMajorVersion;
				minimumVersion = 5.0.0;
			};
		};
		AEDD0B4A29A9C84200CB4A83 /* XCRemoteSwiftPackageReference "BSImagePicker" */ = {
			isa = XCRemoteSwiftPackageReference;
			repositoryURL = "https://github.com/mikaoj/BSImagePicker.git";
			requirement = {
				kind = upToNextMajorVersion;
				minimumVersion = 3.0.0;
			};
		};
		AEDD0B5A29B2038600CB4A83 /* XCRemoteSwiftPackageReference "ExpyTableView" */ = {
			isa = XCRemoteSwiftPackageReference;
			repositoryURL = "https://github.com/okhanokbay/ExpyTableView";
			requirement = {
				kind = upToNextMajorVersion;
				minimumVersion = 1.0.0;
			};
		};
		AEDD0B9929B9CEAF00CB4A83 /* XCRemoteSwiftPackageReference "Alamofire" */ = {
			isa = XCRemoteSwiftPackageReference;
			repositoryURL = "https://github.com/Alamofire/Alamofire.git";
			requirement = {
				kind = upToNextMajorVersion;
				minimumVersion = 5.0.0;
			};
		};
		AEDD0BA829BC780000CB4A83 /* XCRemoteSwiftPackageReference "WSTagsField" */ = {
			isa = XCRemoteSwiftPackageReference;
			repositoryURL = "https://github.com/whitesmith/WSTagsField";
			requirement = {
				kind = upToNextMajorVersion;
				minimumVersion = 5.0.0;
			};
		};
/* End XCRemoteSwiftPackageReference section */

/* Begin XCSwiftPackageProductDependency section */
		AE19C121299757D000124F57 /* SnapKit */ = {
			isa = XCSwiftPackageProductDependency;
			package = AE19C120299757D000124F57 /* XCRemoteSwiftPackageReference "SnapKit" */;
			productName = SnapKit;
		};
		AEDD0B4B29A9C84200CB4A83 /* BSImagePicker */ = {
			isa = XCSwiftPackageProductDependency;
			package = AEDD0B4A29A9C84200CB4A83 /* XCRemoteSwiftPackageReference "BSImagePicker" */;
			productName = BSImagePicker;
		};
		AEDD0B5B29B2038600CB4A83 /* ExpyTableView */ = {
			isa = XCSwiftPackageProductDependency;
			package = AEDD0B5A29B2038600CB4A83 /* XCRemoteSwiftPackageReference "ExpyTableView" */;
			productName = ExpyTableView;
		};
		AEDD0B9A29B9CEAF00CB4A83 /* Alamofire */ = {
			isa = XCSwiftPackageProductDependency;
			package = AEDD0B9929B9CEAF00CB4A83 /* XCRemoteSwiftPackageReference "Alamofire" */;
			productName = Alamofire;
		};
		AEDD0BA929BC780000CB4A83 /* WSTagsField */ = {
			isa = XCSwiftPackageProductDependency;
			package = AEDD0BA829BC780000CB4A83 /* XCRemoteSwiftPackageReference "WSTagsField" */;
			productName = WSTagsField;
		};
/* End XCSwiftPackageProductDependency section */
	};
	rootObject = AE5412EC299684490002876A /* Project object */;
}
